
Microsoft Visual Studio Solution File, Format Version 12.00
# Visual Studio Version 17
VisualStudioVersion = 17.6.33723.286
MinimumVisualStudioVersion = 10.0.40219.1
Project("{FAE04EC0-301F-11D3-BF4B-00C04F79EFBC}") = "ProjetoRest", "ProjetoRest\ProjetoRest.csproj", "{595B6721-3345-4765-B0B8-528EDAC96D2E}"
EndProject
Global
	GlobalSection(SolutionConfigurationPlatforms) = preSolution
		Debug|Any CPU = Debug|Any CPU
		Release|Any CPU = Release|Any CPU
	EndGlobalSection
	GlobalSection(ProjectConfigurationPlatforms) = postSolution
		{595B6721-3345-4765-B0B8-528EDAC96D2E}.Debug|Any CPU.ActiveCfg = Debug|Any CPU
		{595B6721-3345-4765-B0B8-528EDAC96D2E}.Debug|Any CPU.Build.0 = Debug|Any CPU
		{595B6721-3345-4765-B0B8-528EDAC96D2E}.Release|Any CPU.ActiveCfg = Release|Any CPU
		{595B6721-3345-4765-B0B8-528EDAC96D2E}.Release|Any CPU.Build.0 = Release|Any CPU
	EndGlobalSection
	GlobalSection(SolutionProperties) = preSolution
		HideSolutionNode = FALSE
	EndGlobalSection
	GlobalSection(ExtensibilityGlobals) = postSolution
		SolutionGuid = {F2C27187-6B49-4960-B694-7793DF55E86D}
	EndGlobalSection
EndGlobal
